github.com/ataul443/jobber v0.0.0-20200418144703-26fe31a9a25f h1:JiWK0BQlMXYOLQsRa8kBPepWf0jZcTiom3wzbUqHVDw=
github.com/ataul443/jobber v0.0.0-20200418144703-26fe31a9a25f/go.mod h1:T9uOdDJD+ZcKxjN1ozVo9kU3eqOBs4tbxqOg4jtyJKo=
github.com/ataul443/jobber v1.0.1 h1:5xvlJQZy9JGZ+/TSWjDGOjmBD/e/HqRLB2I6t5vS+88=
github.com/ataul443/jobber v1.0.1/go.mod h1:T9uOdDJD+ZcKxjN1ozVo9kU3eqOBs4tbxqOg4jtyJKo=
github.com/ataul443/jobber v1.0.2 h1:llZTyXpAqZP6695Stb/QYNH1n5YRU0sZKeTmU8WzXUs=
github.com/ataul443/jobber v1.0.2/go.mod h1:T9uOdDJD+ZcKxjN1ozVo9kU3eqOBs4tbxqOg4jtyJKo=
github.com/ataul443/jobber v1.0.3 h1:o2UD9zZcA8Rmn9F1zuZkqv/sv3hXsvUOD9BZlGPr5hI=
github.com/ataul443/jobber v1.0.3/go.mod h1:T9uOdDJD+ZcKxjN1ozVo9kU3eqOBs4tbxqOg4jtyJKo=
github.com/ataul443/jobber v1.0.4 h1:6t5D/MR1bojO097j+RlT96mQX3xvPYLxMKllcPjxH+Q=
github.com/ataul443/jobber v1.0.4/go.mod h1:T9uOdDJD+ZcKxjN1ozVo9kU3eqOBs4tbxqOg4jtyJKo=
github.com/ataul443/jobber v1.0.5 h1:NmGLsxgv3ENYksI28n3DQzzB1YU8Vb+LxmKBUQ4oVas=
github.com/ataul443/jobber v1.0.5/go.mod h1:T9uOdDJD+ZcKxjN1ozVo9kU3eqOBs4tbxqOg4jtyJKo=
github.com/ataul443/jobber v1.0.7 h1:ZtsGzIT3MSjl1rZA+GkW7bgXfEdIjwbXqrOP5anc360=
github.com/ataul443/jobber v1.0.7/go.mod h1:T9uOdDJD+ZcKxjN1ozVo9kU3eqOBs4tbxqOg4jtyJKo=
github.com/ataul443/jobber v1.0.9 h1:8zvqFwFWcVeKToc8LxV/bOGdR6Jvb2LY77zd6Da/6bE=
github.com/ataul443/jobber v1.0.9/go.mod h1:T9uOdDJD+ZcKxjN1ozVo9kU3eqOBs4tbxqOg4jtyJKo=
